// !$*UTF8*$!
{
	archiveVersion = 1;
	classes = {
	};
	objectVersion = 50;
	objects = {

/* Begin PBXBuildFile section */
		5F05656626EA8BCE00EEEA83 /* CalendarView.swift in Sources */ = {isa = PBXBuildFile; fileRef = 5F05656526EA8BCE00EEEA83 /* CalendarView.swift */; };
		5F2ECC3326EFBE970095A4F6 /* EventViewModel.swift in Sources */ = {isa = PBXBuildFile; fileRef = 5F2ECC3226EFBE970095A4F6 /* EventViewModel.swift */; };
		5F2ECC3726EFC5850095A4F6 /* DateList.swift in Sources */ = {isa = PBXBuildFile; fileRef = 5F2ECC3626EFC5850095A4F6 /* DateList.swift */; };
		5F4C583226F8B84F0051594B /* FilterView.swift in Sources */ = {isa = PBXBuildFile; fileRef = 5F4C583126F8B84F0051594B /* FilterView.swift */; };
		5F5612A926F4CC9F00EE73A5 /* SearchBarView.swift in Sources */ = {isa = PBXBuildFile; fileRef = 5F5612A826F4CC9F00EE73A5 /* SearchBarView.swift */; };
		5F73FBC426ECC92600BC319C /* Event.swift in Sources */ = {isa = PBXBuildFile; fileRef = 5F73FBC326ECC92600BC319C /* Event.swift */; };
		5F7ABC7526F35EDC0001B43A /* EventView.swift in Sources */ = {isa = PBXBuildFile; fileRef = 5F7ABC7426F35EDC0001B43A /* EventView.swift */; };
		5FB0E3E826E031C4001F3D63 /* CafeDetailView.swift in Sources */ = {isa = PBXBuildFile; fileRef = 5FB0E3E726E031C4001F3D63 /* CafeDetailView.swift */; };
		5FB0E3EC26E03A3C001F3D63 /* Cafe.swift in Sources */ = {isa = PBXBuildFile; fileRef = 5FB0E3EB26E03A3C001F3D63 /* Cafe.swift */; };
		5FB0E3EE26E03A5E001F3D63 /* CafeViewModel.swift in Sources */ = {isa = PBXBuildFile; fileRef = 5FB0E3ED26E03A5E001F3D63 /* CafeViewModel.swift */; };
		5FB0E3F126E03AC0001F3D63 /* CafeCellView.swift in Sources */ = {isa = PBXBuildFile; fileRef = 5FB0E3F026E03AC0001F3D63 /* CafeCellView.swift */; };
		5FB0E3F326E03B15001F3D63 /* PromoCafeViewModel.swift in Sources */ = {isa = PBXBuildFile; fileRef = 5FB0E3F226E03B15001F3D63 /* PromoCafeViewModel.swift */; };
		5FB0E3F526E04011001F3D63 /* PlusButtonView.swift in Sources */ = {isa = PBXBuildFile; fileRef = 5FB0E3F426E04011001F3D63 /* PlusButtonView.swift */; };
		5FDB33EC26E12EFF000B4AE2 /* TabbedView.swift in Sources */ = {isa = PBXBuildFile; fileRef = 5FDB33EB26E12EFF000B4AE2 /* TabbedView.swift */; };
		5FE6ABA826DFE12B00F0F620 /* keopi_test1App.swift in Sources */ = {isa = PBXBuildFile; fileRef = 5FE6ABA726DFE12B00F0F620 /* keopi_test1App.swift */; };
		5FE6ABAA26DFE12B00F0F620 /* ContentView.swift in Sources */ = {isa = PBXBuildFile; fileRef = 5FE6ABA926DFE12B00F0F620 /* ContentView.swift */; };
		5FE6ABAC26DFE12C00F0F620 /* Assets.xcassets in Resources */ = {isa = PBXBuildFile; fileRef = 5FE6ABAB26DFE12C00F0F620 /* Assets.xcassets */; };
		5FE6ABAF26DFE12C00F0F620 /* Preview Assets.xcassets in Resources */ = {isa = PBXBuildFile; fileRef = 5FE6ABAE26DFE12C00F0F620 /* Preview Assets.xcassets */; };
/* End PBXBuildFile section */

/* Begin PBXFileReference section */
		5F05656526EA8BCE00EEEA83 /* CalendarView.swift */ = {isa = PBXFileReference; lastKnownFileType = sourcecode.swift; path = CalendarView.swift; sourceTree = "<group>"; };
		5F2ECC3226EFBE970095A4F6 /* EventViewModel.swift */ = {isa = PBXFileReference; lastKnownFileType = sourcecode.swift; path = EventViewModel.swift; sourceTree = "<group>"; };
		5F2ECC3626EFC5850095A4F6 /* DateList.swift */ = {isa = PBXFileReference; lastKnownFileType = sourcecode.swift; path = DateList.swift; sourceTree = "<group>"; };
		5F4C583126F8B84F0051594B /* FilterView.swift */ = {isa = PBXFileReference; lastKnownFileType = sourcecode.swift; path = FilterView.swift; sourceTree = "<group>"; };
		5F5612A826F4CC9F00EE73A5 /* SearchBarView.swift */ = {isa = PBXFileReference; lastKnownFileType = sourcecode.swift; path = SearchBarView.swift; sourceTree = "<group>"; };
		5F73FBC326ECC92600BC319C /* Event.swift */ = {isa = PBXFileReference; lastKnownFileType = sourcecode.swift; path = Event.swift; sourceTree = "<group>"; };
		5F7ABC7426F35EDC0001B43A /* EventView.swift */ = {isa = PBXFileReference; lastKnownFileType = sourcecode.swift; path = EventView.swift; sourceTree = "<group>"; };
		5FB0E3E726E031C4001F3D63 /* CafeDetailView.swift */ = {isa = PBXFileReference; lastKnownFileType = sourcecode.swift; path = CafeDetailView.swift; sourceTree = "<group>"; };
		5FB0E3EB26E03A3C001F3D63 /* Cafe.swift */ = {isa = PBXFileReference; lastKnownFileType = sourcecode.swift; path = Cafe.swift; sourceTree = "<group>"; };
		5FB0E3ED26E03A5E001F3D63 /* CafeViewModel.swift */ = {isa = PBXFileReference; lastKnownFileType = sourcecode.swift; path = CafeViewModel.swift; sourceTree = "<group>"; };
		5FB0E3F026E03AC0001F3D63 /* CafeCellView.swift */ = {isa = PBXFileReference; lastKnownFileType = sourcecode.swift; path = CafeCellView.swift; sourceTree = "<group>"; };
		5FB0E3F226E03B15001F3D63 /* PromoCafeViewModel.swift */ = {isa = PBXFileReference; lastKnownFileType = sourcecode.swift; path = PromoCafeViewModel.swift; sourceTree = "<group>"; };
		5FB0E3F426E04011001F3D63 /* PlusButtonView.swift */ = {isa = PBXFileReference; lastKnownFileType = sourcecode.swift; path = PlusButtonView.swift; sourceTree = "<group>"; };
		5FDB33EB26E12EFF000B4AE2 /* TabbedView.swift */ = {isa = PBXFileReference; lastKnownFileType = sourcecode.swift; path = TabbedView.swift; sourceTree = "<group>"; };
		5FE6ABA426DFE12B00F0F620 /* keopi-test1.app */ = {isa = PBXFileReference; explicitFileType = wrapper.application; includeInIndex = 0; path = "keopi-test1.app"; sourceTree = BUILT_PRODUCTS_DIR; };
		5FE6ABA726DFE12B00F0F620 /* keopi_test1App.swift */ = {isa = PBXFileReference; lastKnownFileType = sourcecode.swift; path = keopi_test1App.swift; sourceTree = "<group>"; };
		5FE6ABA926DFE12B00F0F620 /* ContentView.swift */ = {isa = PBXFileReference; lastKnownFileType = sourcecode.swift; path = ContentView.swift; sourceTree = "<group>"; };
		5FE6ABAB26DFE12C00F0F620 /* Assets.xcassets */ = {isa = PBXFileReference; lastKnownFileType = folder.assetcatalog; path = Assets.xcassets; sourceTree = "<group>"; };
		5FE6ABAE26DFE12C00F0F620 /* Preview Assets.xcassets */ = {isa = PBXFileReference; lastKnownFileType = folder.assetcatalog; path = "Preview Assets.xcassets"; sourceTree = "<group>"; };
		5FE6ABB026DFE12C00F0F620 /* Info.plist */ = {isa = PBXFileReference; lastKnownFileType = text.plist.xml; path = Info.plist; sourceTree = "<group>"; };
/* End PBXFileReference section */

/* Begin PBXFrameworksBuildPhase section */
		5FE6ABA126DFE12B00F0F620 /* Frameworks */ = {
			isa = PBXFrameworksBuildPhase;
			buildActionMask = 2147483647;
			files = (
			);
			runOnlyForDeploymentPostprocessing = 0;
		};
/* End PBXFrameworksBuildPhase section */

/* Begin PBXGroup section */
		5FB0E3E926E03688001F3D63 /* Views */ = {
			isa = PBXGroup;
			children = (
				5FE6ABA926DFE12B00F0F620 /* ContentView.swift */,
				5FB0E3E726E031C4001F3D63 /* CafeDetailView.swift */,
				5FB0E3F026E03AC0001F3D63 /* CafeCellView.swift */,
				5FB0E3F426E04011001F3D63 /* PlusButtonView.swift */,
				5FDB33EB26E12EFF000B4AE2 /* TabbedView.swift */,
				5F05656526EA8BCE00EEEA83 /* CalendarView.swift */,
				5F7ABC7426F35EDC0001B43A /* EventView.swift */,
				5F5612A826F4CC9F00EE73A5 /* SearchBarView.swift */,
				5F4C583126F8B84F0051594B /* FilterView.swift */,
			);
			path = Views;
			sourceTree = "<group>";
		};
		5FB0E3EA26E03A34001F3D63 /* Models */ = {
			isa = PBXGroup;
			children = (
				5FB0E3EB26E03A3C001F3D63 /* Cafe.swift */,
				5F73FBC326ECC92600BC319C /* Event.swift */,
				5F2ECC3626EFC5850095A4F6 /* DateList.swift */,
			);
			path = Models;
			sourceTree = "<group>";
		};
		5FB0E3EF26E03A6C001F3D63 /* ViewModels */ = {
			isa = PBXGroup;
			children = (
				5FB0E3ED26E03A5E001F3D63 /* CafeViewModel.swift */,
				5FB0E3F226E03B15001F3D63 /* PromoCafeViewModel.swift */,
				5F2ECC3226EFBE970095A4F6 /* EventViewModel.swift */,
			);
			path = ViewModels;
			sourceTree = "<group>";
		};
		5FE6AB9B26DFE12B00F0F620 = {
			isa = PBXGroup;
			children = (
				5FE6ABA626DFE12B00F0F620 /* keopi-test1 */,
				5FE6ABA526DFE12B00F0F620 /* Products */,
			);
			sourceTree = "<group>";
		};
		5FE6ABA526DFE12B00F0F620 /* Products */ = {
			isa = PBXGroup;
			children = (
				5FE6ABA426DFE12B00F0F620 /* keopi-test1.app */,
			);
			name = Products;
			sourceTree = "<group>";
		};
		5FE6ABA626DFE12B00F0F620 /* keopi-test1 */ = {
			isa = PBXGroup;
			children = (
				5FB0E3EF26E03A6C001F3D63 /* ViewModels */,
				5FB0E3EA26E03A34001F3D63 /* Models */,
				5FB0E3E926E03688001F3D63 /* Views */,
				5FE6ABA726DFE12B00F0F620 /* keopi_test1App.swift */,
				5FE6ABAB26DFE12C00F0F620 /* Assets.xcassets */,
				5FE6ABB026DFE12C00F0F620 /* Info.plist */,
				5FE6ABAD26DFE12C00F0F620 /* Preview Content */,
			);
			path = "keopi-test1";
			sourceTree = "<group>";
		};
		5FE6ABAD26DFE12C00F0F620 /* Preview Content */ = {
			isa = PBXGroup;
			children = (
				5FE6ABAE26DFE12C00F0F620 /* Preview Assets.xcassets */,
			);
			path = "Preview Content";
			sourceTree = "<group>";
		};
/* End PBXGroup section */

/* Begin PBXNativeTarget section */
		5FE6ABA326DFE12B00F0F620 /* keopi-test1 */ = {
			isa = PBXNativeTarget;
			buildConfigurationList = 5FE6ABB326DFE12C00F0F620 /* Build configuration list for PBXNativeTarget "keopi-test1" */;
			buildPhases = (
				5FE6ABA026DFE12B00F0F620 /* Sources */,
				5FE6ABA126DFE12B00F0F620 /* Frameworks */,
				5FE6ABA226DFE12B00F0F620 /* Resources */,
			);
			buildRules = (
			);
			dependencies = (
			);
			name = "keopi-test1";
			productName = "keopi-test1";
			productReference = 5FE6ABA426DFE12B00F0F620 /* keopi-test1.app */;
			productType = "com.apple.product-type.application";
		};
/* End PBXNativeTarget section */

/* Begin PBXProject section */
		5FE6AB9C26DFE12B00F0F620 /* Project object */ = {
			isa = PBXProject;
			attributes = {
				LastSwiftUpdateCheck = 1250;
				LastUpgradeCheck = 1250;
				TargetAttributes = {
					5FE6ABA326DFE12B00F0F620 = {
						CreatedOnToolsVersion = 12.5.1;
					};
				};
			};
			buildConfigurationList = 5FE6AB9F26DFE12B00F0F620 /* Build configuration list for PBXProject "keopi-test1" */;
			compatibilityVersion = "Xcode 9.3";
			developmentRegion = en;
			hasScannedForEncodings = 0;
			knownRegions = (
				en,
				Base,
			);
			mainGroup = 5FE6AB9B26DFE12B00F0F620;
			productRefGroup = 5FE6ABA526DFE12B00F0F620 /* Products */;
			projectDirPath = "";
			projectRoot = "";
			targets = (
				5FE6ABA326DFE12B00F0F620 /* keopi-test1 */,
			);
		};
/* End PBXProject section */

/* Begin PBXResourcesBuildPhase section */
		5FE6ABA226DFE12B00F0F620 /* Resources */ = {
			isa = PBXResourcesBuildPhase;
			buildActionMask = 2147483647;
			files = (
				5FE6ABAF26DFE12C00F0F620 /* Preview Assets.xcassets in Resources */,
				5FE6ABAC26DFE12C00F0F620 /* Assets.xcassets in Resources */,
			);
			runOnlyForDeploymentPostprocessing = 0;
		};
/* End PBXResourcesBuildPhase section */

/* Begin PBXSourcesBuildPhase section */
		5FE6ABA026DFE12B00F0F620 /* Sources */ = {
			isa = PBXSourcesBuildPhase;
			buildActionMask = 2147483647;
			files = (
				5F05656626EA8BCE00EEEA83 /* CalendarView.swift in Sources */,
				5F7ABC7526F35EDC0001B43A /* EventView.swift in Sources */,
				5F2ECC3726EFC5850095A4F6 /* DateList.swift in Sources */,
				5F2ECC3326EFBE970095A4F6 /* EventViewModel.swift in Sources */,
				5F73FBC426ECC92600BC319C /* Event.swift in Sources */,
				5FB0E3EC26E03A3C001F3D63 /* Cafe.swift in Sources */,
				5FB0E3F126E03AC0001F3D63 /* CafeCellView.swift in Sources */,
				5FB0E3F526E04011001F3D63 /* PlusButtonView.swift in Sources */,
				5FB0E3EE26E03A5E001F3D63 /* CafeViewModel.swift in Sources */,
				5FDB33EC26E12EFF000B4AE2 /* TabbedView.swift in Sources */,
				5F5612A926F4CC9F00EE73A5 /* SearchBarView.swift in Sources */,
				5FE6ABAA26DFE12B00F0F620 /* ContentView.swift in Sources */,
				5F4C583226F8B84F0051594B /* FilterView.swift in Sources */,
				5FE6ABA826DFE12B00F0F620 /* keopi_test1App.swift in Sources */,
				5FB0E3E826E031C4001F3D63 /* CafeDetailView.swift in Sources */,
				5FB0E3F326E03B15001F3D63 /* PromoCafeViewModel.swift in Sources */,
			);
			runOnlyForDeploymentPostprocessing = 0;
		};
/* End PBXSourcesBuildPhase section */

/* Begin XCBuildConfiguration section */
		5FE6ABB126DFE12C00F0F620 /* Debug */ = {
			isa = XCBuildConfiguration;
			buildSettings = {
				ALWAYS_SEARCH_USER_PATHS = NO;
				CLANG_ANALYZER_NONNULL = YES;
				CLANG_ANALYZER_NUMBER_OBJECT_CONVERSION = YES_AGGRESSIVE;
				CLANG_CXX_LANGUAGE_STANDARD = "gnu++14";
				CLANG_CXX_LIBRARY = "libc++";
				CLANG_ENABLE_MODULES = YES;
				CLANG_ENABLE_OBJC_ARC = YES;
				CLANG_ENABLE_OBJC_WEAK = YES;
				CLANG_WARN_BLOCK_CAPTURE_AUTORELEASING = YES;
				CLANG_WARN_BOOL_CONVERSION = YES;
				CLANG_WARN_COMMA = YES;
				CLANG_WARN_CONSTANT_CONVERSION = YES;
				CLANG_WARN_DEPRECATED_OBJC_IMPLEMENTATIONS = YES;
				CLANG_WARN_DIRECT_OBJC_ISA_USAGE = YES_ERROR;
				CLANG_WARN_DOCUMENTATION_COMMENTS = YES;
				CLANG_WARN_EMPTY_BODY = YES;
				CLANG_WARN_ENUM_CONVERSION = YES;
				CLANG_WARN_INFINITE_RECURSION = YES;
				CLANG_WARN_INT_CONVERSION = YES;
				CLANG_WARN_NON_LITERAL_NULL_CONVERSION = YES;
				CLANG_WARN_OBJC_IMPLICIT_RETAIN_SELF = YES;
				CLANG_WARN_OBJC_LITERAL_CONVERSION = YES;
				CLANG_WARN_OBJC_ROOT_CLASS = YES_ERROR;
				CLANG_WARN_QUOTED_INCLUDE_IN_FRAMEWORK_HEADER = YES;
				CLANG_WARN_RANGE_LOOP_ANALYSIS = YES;
				CLANG_WARN_STRICT_PROTOTYPES = YES;
				CLANG_WARN_SUSPICIOUS_MOVE = YES;
				CLANG_WARN_UNGUARDED_AVAILABILITY = YES_AGGRESSIVE;
				CLANG_WARN_UNREACHABLE_CODE = YES;
				CLANG_WARN__DUPLICATE_METHOD_MATCH = YES;
				COPY_PHASE_STRIP = NO;
				DEBUG_INFORMATION_FORMAT = dwarf;
				ENABLE_STRICT_OBJC_MSGSEND = YES;
				ENABLE_TESTABILITY = YES;
				GCC_C_LANGUAGE_STANDARD = gnu11;
				GCC_DYNAMIC_NO_PIC = NO;
				GCC_NO_COMMON_BLOCKS = YES;
				GCC_OPTIMIZATION_LEVEL = 0;
				GCC_PREPROCESSOR_DEFINITIONS = (
					"DEBUG=1",
					"$(inherited)",
				);
				GCC_WARN_64_TO_32_BIT_CONVERSION = YES;
				GCC_WARN_ABOUT_RETURN_TYPE = YES_ERROR;
				GCC_WARN_UNDECLARED_SELECTOR = YES;
				GCC_WARN_UNINITIALIZED_AUTOS = YES_AGGRESSIVE;
				GCC_WARN_UNUSED_FUNCTION = YES;
				GCC_WARN_UNUSED_VARIABLE = YES;
				IPHONEOS_DEPLOYMENT_TARGET = 14.5;
				MTL_ENABLE_DEBUG_INFO = INCLUDE_SOURCE;
				MTL_FAST_MATH = YES;
				ONLY_ACTIVE_ARCH = YES;
				SDKROOT = iphoneos;
				SWIFT_ACTIVE_COMPILATION_CONDITIONS = DEBUG;
				SWIFT_OPTIMIZATION_LEVEL = "-Onone";
			};
			name = Debug;
		};
		5FE6ABB226DFE12C00F0F620 /* Release */ = {
			isa = XCBuildConfiguration;
			buildSettings = {
				ALWAYS_SEARCH_USER_PATHS = NO;
				CLANG_ANALYZER_NONNULL = YES;
				CLANG_ANALYZER_NUMBER_OBJECT_CONVERSION = YES_AGGRESSIVE;
				CLANG_CXX_LANGUAGE_STANDARD = "gnu++14";
				CLANG_CXX_LIBRARY = "libc++";
				CLANG_ENABLE_MODULES = YES;
				CLANG_ENABLE_OBJC_ARC = YES;
				CLANG_ENABLE_OBJC_WEAK = YES;
				CLANG_WARN_BLOCK_CAPTURE_AUTORELEASING = YES;
				CLANG_WARN_BOOL_CONVERSION = YES;
				CLANG_WARN_COMMA = YES;
				CLANG_WARN_CONSTANT_CONVERSION = YES;
				CLANG_WARN_DEPRECATED_OBJC_IMPLEMENTATIONS = YES;
				CLANG_WARN_DIRECT_OBJC_ISA_USAGE = YES_ERROR;
				CLANG_WARN_DOCUMENTATION_COMMENTS = YES;
				CLANG_WARN_EMPTY_BODY = YES;
				CLANG_WARN_ENUM_CONVERSION = YES;
				CLANG_WARN_INFINITE_RECURSION = YES;
				CLANG_WARN_INT_CONVERSION = YES;
				CLANG_WARN_NON_LITERAL_NULL_CONVERSION = YES;
				CLANG_WARN_OBJC_IMPLICIT_RETAIN_SELF = YES;
				CLANG_WARN_OBJC_LITERAL_CONVERSION = YES;
				CLANG_WARN_OBJC_ROOT_CLASS = YES_ERROR;
				CLANG_WARN_QUOTED_INCLUDE_IN_FRAMEWORK_HEADER = YES;
				CLANG_WARN_RANGE_LOOP_ANALYSIS = YES;
				CLANG_WARN_STRICT_PROTOTYPES = YES;
				CLANG_WARN_SUSPICIOUS_MOVE = YES;
				CLANG_WARN_UNGUARDED_AVAILABILITY = YES_AGGRESSIVE;
				CLANG_WARN_UNREACHABLE_CODE = YES;
				CLANG_WARN__DUPLICATE_METHOD_MATCH = YES;
				COPY_PHASE_STRIP = NO;
				DEBUG_INFORMATION_FORMAT = "dwarf-with-dsym";
				ENABLE_NS_ASSERTIONS = NO;
				ENABLE_STRICT_OBJC_MSGSEND = YES;
				GCC_C_LANGUAGE_STANDARD = gnu11;
				GCC_NO_COMMON_BLOCKS = YES;
				GCC_WARN_64_TO_32_BIT_CONVERSION = YES;
				GCC_WARN_ABOUT_RETURN_TYPE = YES_ERROR;
				GCC_WARN_UNDECLARED_SELECTOR = YES;
				GCC_WARN_UNINITIALIZED_AUTOS = YES_AGGRESSIVE;
				GCC_WARN_UNUSED_FUNCTION = YES;
				GCC_WARN_UNUSED_VARIABLE = YES;
				IPHONEOS_DEPLOYMENT_TARGET = 14.5;
				MTL_ENABLE_DEBUG_INFO = NO;
				MTL_FAST_MATH = YES;
				SDKROOT = iphoneos;
				SWIFT_COMPILATION_MODE = wholemodule;
				SWIFT_OPTIMIZATION_LEVEL = "-O";
				VALIDATE_PRODUCT = YES;
			};
			name = Release;
		};
		5FE6ABB426DFE12C00F0F620 /* Debug */ = {
			isa = XCBuildConfiguration;
			buildSettings = {
				ASSETCATALOG_COMPILER_APPICON_NAME = AppIcon;
				ASSETCATALOG_COMPILER_GLOBAL_ACCENT_COLOR_NAME = AccentColor;
				CODE_SIGN_STYLE = Automatic;
				DEVELOPMENT_ASSET_PATHS = "\"keopi-test1/Preview Content\"";
				DEVELOPMENT_TEAM = Q3JU6T27Y3;
				ENABLE_PREVIEWS = YES;
				INFOPLIST_FILE = "keopi-test1/Info.plist";
				IPHONEOS_DEPLOYMENT_TARGET = 14.0;
				LD_RUNPATH_SEARCH_PATHS = (
					"$(inherited)",
					"@executable_path/Frameworks",
				);
				PRODUCT_BUNDLE_IDENTIFIER = "com.lukinafirmetina.keopi-test1";
				PRODUCT_NAME = "$(TARGET_NAME)";
				SWIFT_VERSION = 5.0;
				TARGETED_DEVICE_FAMILY = "1,2";
			};
			name = Debug;
		};
		5FE6ABB526DFE12C00F0F620 /* Release */ = {
			isa = XCBuildConfiguration;
			buildSettings = {
				ASSETCATALOG_COMPILER_APPICON_NAME = AppIcon;
				ASSETCATALOG_COMPILER_GLOBAL_ACCENT_COLOR_NAME = AccentColor;
				CODE_SIGN_STYLE = Automatic;
				DEVELOPMENT_ASSET_PATHS = "\"keopi-test1/Preview Content\"";
				DEVELOPMENT_TEAM = Q3JU6T27Y3;
				ENABLE_PREVIEWS = YES;
				INFOPLIST_FILE = "keopi-test1/Info.plist";
				IPHONEOS_DEPLOYMENT_TARGET = 14.0;
				LD_RUNPATH_SEARCH_PATHS = (
					"$(inherited)",
					"@executable_path/Frameworks",
				);
				PRODUCT_BUNDLE_IDENTIFIER = "com.lukinafirmetina.keopi-test1";
				PRODUCT_NAME = "$(TARGET_NAME)";
				SWIFT_VERSION = 5.0;
				TARGETED_DEVICE_FAMILY = "1,2";
			};
			name = Release;
		};
/* End XCBuildConfiguration section */

/* Begin XCConfigurationList section */
		5FE6AB9F26DFE12B00F0F620 /* Build configuration list for PBXProject "keopi-test1" */ = {
			isa = XCConfigurationList;
			buildConfigurations = (
				5FE6ABB126DFE12C00F0F620 /* Debug */,
				5FE6ABB226DFE12C00F0F620 /* Release */,
			);
			defaultConfigurationIsVisible = 0;
			defaultConfigurationName = Release;
		};
		5FE6ABB326DFE12C00F0F620 /* Build configuration list for PBXNativeTarget "keopi-test1" */ = {
			isa = XCConfigurationList;
			buildConfigurations = (
				5FE6ABB426DFE12C00F0F620 /* Debug */,
				5FE6ABB526DFE12C00F0F620 /* Release */,
			);
			defaultConfigurationIsVisible = 0;
			defaultConfigurationName = Release;
		};
/* End XCConfigurationList section */
	};
	rootObject = 5FE6AB9C26DFE12B00F0F620 /* Project object */;
}
